
Microsoft Visual Studio Solution File, Format Version 12.00
# Visual Studio 15
VisualStudioVersion = 15.0.27004.2008
MinimumVisualStudioVersion = 10.0.40219.1
Project("{FAE04EC0-301F-11D3-BF4B-00C04F79EFBC}") = "Entity", "Entity\Entity.csproj", "{D9328898-0BCA-4350-8F2A-E43A14A38B40}"
EndProject
Project("{FAE04EC0-301F-11D3-BF4B-00C04F79EFBC}") = "DLL", "DLL\DLL.csproj", "{4B868B48-6E61-46B6-87A4-A407A3B0DA97}"
EndProject
Project("{FAE04EC0-301F-11D3-BF4B-00C04F79EFBC}") = "BLL", "BLL\BLL.csproj", "{04F3663B-E88E-462D-9E17-A174A0BA5334}"
EndProject
Project("{FAE04EC0-301F-11D3-BF4B-00C04F79EFBC}") = "Parser", "Parser\Parser.csproj", "{E350EAA9-21E7-474F-92B4-C147B73F3A74}"
EndProject
Project("{FAE04EC0-301F-11D3-BF4B-00C04F79EFBC}") = "TutorsHub.Application", "TutorsHub.Application\TutorsHub.Application.csproj", "{8F460E80-98A3-4ADB-A470-F136E0A70FCC}"
EndProject
Global
	GlobalSection(SolutionConfigurationPlatforms) = preSolution
		Debug|Any CPU = Debug|Any CPU
		Release|Any CPU = Release|Any CPU
	EndGlobalSection
	GlobalSection(ProjectConfigurationPlatforms) = postSolution
		{D9328898-0BCA-4350-8F2A-E43A14A38B40}.Debug|Any CPU.ActiveCfg = Debug|Any CPU
		{D9328898-0BCA-4350-8F2A-E43A14A38B40}.Debug|Any CPU.Build.0 = Debug|Any CPU
		{D9328898-0BCA-4350-8F2A-E43A14A38B40}.Release|Any CPU.ActiveCfg = Release|Any CPU
		{D9328898-0BCA-4350-8F2A-E43A14A38B40}.Release|Any CPU.Build.0 = Release|Any CPU
		{4B868B48-6E61-46B6-87A4-A407A3B0DA97}.Debug|Any CPU.ActiveCfg = Debug|Any CPU
		{4B868B48-6E61-46B6-87A4-A407A3B0DA97}.Debug|Any CPU.Build.0 = Debug|Any CPU
		{4B868B48-6E61-46B6-87A4-A407A3B0DA97}.Release|Any CPU.ActiveCfg = Release|Any CPU
		{4B868B48-6E61-46B6-87A4-A407A3B0DA97}.Release|Any CPU.Build.0 = Release|Any CPU
		{04F3663B-E88E-462D-9E17-A174A0BA5334}.Debug|Any CPU.ActiveCfg = Debug|Any CPU
		{04F3663B-E88E-462D-9E17-A174A0BA5334}.Debug|Any CPU.Build.0 = Debug|Any CPU
		{04F3663B-E88E-462D-9E17-A174A0BA5334}.Release|Any CPU.ActiveCfg = Release|Any CPU
		{04F3663B-E88E-462D-9E17-A174A0BA5334}.Release|Any CPU.Build.0 = Release|Any CPU
		{E350EAA9-21E7-474F-92B4-C147B73F3A74}.Debug|Any CPU.ActiveCfg = Debug|Any CPU
		{E350EAA9-21E7-474F-92B4-C147B73F3A74}.Debug|Any CPU.Build.0 = Debug|Any CPU
		{E350EAA9-21E7-474F-92B4-C147B73F3A74}.Release|Any CPU.ActiveCfg = Release|Any CPU
		{E350EAA9-21E7-474F-92B4-C147B73F3A74}.Release|Any CPU.Build.0 = Release|Any CPU
		{8F460E80-98A3-4ADB-A470-F136E0A70FCC}.Debug|Any CPU.ActiveCfg = Debug|Any CPU
		{8F460E80-98A3-4ADB-A470-F136E0A70FCC}.Debug|Any CPU.Build.0 = Debug|Any CPU
		{8F460E80-98A3-4ADB-A470-F136E0A70FCC}.Release|Any CPU.ActiveCfg = Release|Any CPU
		{8F460E80-98A3-4ADB-A470-F136E0A70FCC}.Release|Any CPU.Build.0 = Release|Any CPU
	EndGlobalSection
	GlobalSection(SolutionProperties) = preSolution
		HideSolutionNode = FALSE
	EndGlobalSection
	GlobalSection(ExtensibilityGlobals) = postSolution
		SolutionGuid = {6CDD1316-2A6E-4CCE-86C2-DED841CF42C6}
	EndGlobalSection
EndGlobal
